Microsoft Visual Studio Solution File, Format Version 12.00
# Visual Studio Version 17
VisualStudioVersion = 17.5.2.0
MinimumVisualStudioVersion = 10.0.40219.1
Project("{FAE04EC0-301F-11D3-BF4B-00C04F79EFBC}") = "PipelineSummaryApi", "PipelineSummaryApi\PipelineSummaryApi.csproj", "{CE088E1D-0863-E3E8-8F65-EFC02521F95B}"
EndProject
Global
	GlobalSection(SolutionConfigurationPlatforms) = preSolution
		Debug|Any CPU = Debug|Any CPU
		Release|Any CPU = Release|Any CPU
	EndGlobalSection
	GlobalSection(ProjectConfigurationPlatforms) = postSolution
		{CE088E1D-0863-E3E8-8F65-EFC02521F95B}.Debug|Any CPU.ActiveCfg = Debug|Any CPU
		{CE088E1D-0863-E3E8-8F65-EFC02521F95B}.Debug|Any CPU.Build.0 = Debug|Any CPU
		{CE088E1D-0863-E3E8-8F65-EFC02521F95B}.Release|Any CPU.ActiveCfg = Release|Any CPU
		{CE088E1D-0863-E3E8-8F65-EFC02521F95B}.Release|Any CPU.Build.0 = Release|Any CPU
	EndGlobalSection
	GlobalSection(SolutionProperties) = preSolution
		HideSolutionNode = FALSE
	EndGlobalSection
	GlobalSection(ExtensibilityGlobals) = postSolution
		SolutionGuid = {9420162A-B69A-4C24-B807-610BFD987A5C}
	EndGlobalSection
EndGlobal
